
Microsoft Visual Studio Solution File, Format Version 12.00
# Visual Studio Version 17
VisualStudioVersion = 17.0.31903.59
MinimumVisualStudioVersion = 10.0.40219.1
Project("{2150E333-8FDC-42A3-9474-1A3956D46DE8}") = "Solution Items", "Solution Items", "{59DF22A9-2BC2-4D94-8E5E-7AB37A867139}"
	ProjectSection(SolutionItems) = preProject
		.editorconfig = .editorconfig
		.gitignore = .gitignore
		LICENSE = LICENSE
		README.md = README.md
		Solution.Build.props = Solution.Build.props
		Solution.ruleset = Solution.ruleset
		Solution.Tests.props = Solution.Tests.props
		stylecop.json = stylecop.json
	EndProjectSection
EndProject
Project("{2150E333-8FDC-42A3-9474-1A3956D46DE8}") = "Tests", "Tests", "{CC387BAC-93D0-4A84-B80B-9C0D398824A9}"
EndProject
Project("{9A19103F-16F7-4668-BE54-9A1E7A4F7556}") = "RichillCapital.TraderStudio.Desktop", "RichillCapital.TraderStudio.Desktop.csproj", "{0126E659-60D5-4AA8-B972-DC14A6766666}"
EndProject
Project("{2150E333-8FDC-42A3-9474-1A3956D46DE8}") = "Libs", "Libs", "{54E151BE-ADD8-4D6A-905C-08E4568918CF}"
EndProject
Project("{FAE04EC0-301F-11D3-BF4B-00C04F79EFBC}") = "RichillCapital.UseCases", "Libs\RichillCapital.UseCases\RichillCapital.UseCases.csproj", "{985DB695-9385-4846-8E71-F1E487A854E8}"
EndProject
Project("{FAE04EC0-301F-11D3-BF4B-00C04F79EFBC}") = "RichillCapital.TraderStudio.Desktop.AcceptanceTests", "Tests\RichillCapital.TraderStudio.Desktop.AcceptanceTests\RichillCapital.TraderStudio.Desktop.AcceptanceTests.csproj", "{EB0A924D-6423-4589-96E2-A7DB445C7C20}"
EndProject
Global
	GlobalSection(SolutionConfigurationPlatforms) = preSolution
		Debug|Any CPU = Debug|Any CPU
		Release|Any CPU = Release|Any CPU
	EndGlobalSection
	GlobalSection(ProjectConfigurationPlatforms) = postSolution
		{0126E659-60D5-4AA8-B972-DC14A6766666}.Debug|Any CPU.ActiveCfg = Debug|Any CPU
		{0126E659-60D5-4AA8-B972-DC14A6766666}.Debug|Any CPU.Build.0 = Debug|Any CPU
		{0126E659-60D5-4AA8-B972-DC14A6766666}.Release|Any CPU.ActiveCfg = Release|Any CPU
		{0126E659-60D5-4AA8-B972-DC14A6766666}.Release|Any CPU.Build.0 = Release|Any CPU
		{985DB695-9385-4846-8E71-F1E487A854E8}.Debug|Any CPU.ActiveCfg = Debug|Any CPU
		{985DB695-9385-4846-8E71-F1E487A854E8}.Debug|Any CPU.Build.0 = Debug|Any CPU
		{985DB695-9385-4846-8E71-F1E487A854E8}.Release|Any CPU.ActiveCfg = Release|Any CPU
		{985DB695-9385-4846-8E71-F1E487A854E8}.Release|Any CPU.Build.0 = Release|Any CPU
		{EB0A924D-6423-4589-96E2-A7DB445C7C20}.Debug|Any CPU.ActiveCfg = Debug|Any CPU
		{EB0A924D-6423-4589-96E2-A7DB445C7C20}.Debug|Any CPU.Build.0 = Debug|Any CPU
		{EB0A924D-6423-4589-96E2-A7DB445C7C20}.Release|Any CPU.ActiveCfg = Release|Any CPU
		{EB0A924D-6423-4589-96E2-A7DB445C7C20}.Release|Any CPU.Build.0 = Release|Any CPU
	EndGlobalSection
	GlobalSection(SolutionProperties) = preSolution
		HideSolutionNode = FALSE
	EndGlobalSection
	GlobalSection(ExtensibilityGlobals) = postSolution
		SolutionGuid = {22F65288-7CE6-4624-9612-8FD53131A1D5}
	EndGlobalSection
	GlobalSection(NestedProjects) = preSolution
		{985DB695-9385-4846-8E71-F1E487A854E8} = {54E151BE-ADD8-4D6A-905C-08E4568918CF}
		{EB0A924D-6423-4589-96E2-A7DB445C7C20} = {CC387BAC-93D0-4A84-B80B-9C0D398824A9}
	EndGlobalSection
EndGlobal
