
Microsoft Visual Studio Solution File, Format Version 12.00
# Visual Studio Version 17
VisualStudioVersion = 17.0.31903.59
MinimumVisualStudioVersion = 10.0.40219.1
Project("{9A19103F-16F7-4668-BE54-9A1E7A4F7556}") = "RichillCapital.TraderStudio.Desktop", "RichillCapital.TraderStudio.Desktop.csproj", "{F0590853-9B19-42C1-A29D-59DDE2C56524}"
EndProject
Project("{C7167F0D-BC9F-4E6E-AFE1-012C56B48DB5}") = "RichillCapital.TraderStudio.Desktop.Package", "Packaging\RichillCapital.TraderStudio.Desktop.Package\RichillCapital.TraderStudio.Desktop.Package.wapproj", "{300FE09D-D94C-43BB-97F1-C30C557C9546}"
EndProject
Project("{2150E333-8FDC-42A3-9474-1A3956D46DE8}") = "Packaging", "Packaging", "{9A257EE2-4364-4871-8D9C-4A32374770CE}"
EndProject
Project("{2150E333-8FDC-42A3-9474-1A3956D46DE8}") = "Libs", "Libs", "{931BE277-B451-4916-A9D8-082361207B4C}"
EndProject
Project("{9A19103F-16F7-4668-BE54-9A1E7A4F7556}") = "RichillCapital.Domain", "Libs\RichillCapital.Domain\RichillCapital.Domain.csproj", "{696CCC34-C29B-40A5-8C2A-4CC7D95C60AC}"
EndProject
Project("{9A19103F-16F7-4668-BE54-9A1E7A4F7556}") = "RichillCapital.UseCases", "Libs\RichillCapital.UseCases\RichillCapital.UseCases.csproj", "{A4081377-A157-4EE8-9B53-F90C9928ACC8}"
EndProject
Project("{9A19103F-16F7-4668-BE54-9A1E7A4F7556}") = "RichillCapital.Identity", "Libs\RichillCapital.Identity\RichillCapital.Identity.csproj", "{3685CEEB-D71C-4999-9A5B-2A374699F87D}"
EndProject
Project("{9A19103F-16F7-4668-BE54-9A1E7A4F7556}") = "RichillCapital.Logging", "Libs\RichillCapital.Logging\RichillCapital.Logging.csproj", "{4ADAAAB6-3CC2-43F2-B244-5A5592D2584B}"
EndProject
Project("{9A19103F-16F7-4668-BE54-9A1E7A4F7556}") = "RichillCapital.Storage", "Libs\RichillCapital.Storage\RichillCapital.Storage.csproj", "{FEC5B61A-9894-4F3D-9AF0-0DBBDB425EE7}"
EndProject
Project("{2150E333-8FDC-42A3-9474-1A3956D46DE8}") = "Tests", "Tests", "{3C408999-1877-4397-A15E-2C5EA77E1C13}"
EndProject
Project("{FAE04EC0-301F-11D3-BF4B-00C04F79EFBC}") = "RichillCapital.TraderStudio.Desktop.UnitTests", "Tests\RichillCapital.TraderStudio.Desktop.UnitTests\RichillCapital.TraderStudio.Desktop.UnitTests.csproj", "{5B92D5E5-A0CC-4AAA-92F0-55753D9940D2}"
EndProject
Global
	GlobalSection(SolutionConfigurationPlatforms) = preSolution
		Debug|Any CPU = Debug|Any CPU
		Debug|ARM = Debug|ARM
		Debug|ARM64 = Debug|ARM64
		Debug|x64 = Debug|x64
		Debug|x86 = Debug|x86
		Release|Any CPU = Release|Any CPU
		Release|ARM = Release|ARM
		Release|ARM64 = Release|ARM64
		Release|x64 = Release|x64
		Release|x86 = Release|x86
	EndGlobalSection
	GlobalSection(ProjectConfigurationPlatforms) = postSolution
		{F0590853-9B19-42C1-A29D-59DDE2C56524}.Debug|Any CPU.ActiveCfg = Debug|Any CPU
		{F0590853-9B19-42C1-A29D-59DDE2C56524}.Debug|Any CPU.Build.0 = Debug|Any CPU
		{F0590853-9B19-42C1-A29D-59DDE2C56524}.Debug|ARM.ActiveCfg = Debug|Any CPU
		{F0590853-9B19-42C1-A29D-59DDE2C56524}.Debug|ARM.Build.0 = Debug|Any CPU
		{F0590853-9B19-42C1-A29D-59DDE2C56524}.Debug|ARM64.ActiveCfg = Debug|Any CPU
		{F0590853-9B19-42C1-A29D-59DDE2C56524}.Debug|ARM64.Build.0 = Debug|Any CPU
		{F0590853-9B19-42C1-A29D-59DDE2C56524}.Debug|x64.ActiveCfg = Debug|Any CPU
		{F0590853-9B19-42C1-A29D-59DDE2C56524}.Debug|x64.Build.0 = Debug|Any CPU
		{F0590853-9B19-42C1-A29D-59DDE2C56524}.Debug|x86.ActiveCfg = Debug|Any CPU
		{F0590853-9B19-42C1-A29D-59DDE2C56524}.Debug|x86.Build.0 = Debug|Any CPU
		{F0590853-9B19-42C1-A29D-59DDE2C56524}.Release|Any CPU.ActiveCfg = Release|Any CPU
		{F0590853-9B19-42C1-A29D-59DDE2C56524}.Release|Any CPU.Build.0 = Release|Any CPU
		{F0590853-9B19-42C1-A29D-59DDE2C56524}.Release|ARM.ActiveCfg = Release|Any CPU
		{F0590853-9B19-42C1-A29D-59DDE2C56524}.Release|ARM.Build.0 = Release|Any CPU
		{F0590853-9B19-42C1-A29D-59DDE2C56524}.Release|ARM64.ActiveCfg = Release|Any CPU
		{F0590853-9B19-42C1-A29D-59DDE2C56524}.Release|ARM64.Build.0 = Release|Any CPU
		{F0590853-9B19-42C1-A29D-59DDE2C56524}.Release|x64.ActiveCfg = Release|Any CPU
		{F0590853-9B19-42C1-A29D-59DDE2C56524}.Release|x64.Build.0 = Release|Any CPU
		{F0590853-9B19-42C1-A29D-59DDE2C56524}.Release|x86.ActiveCfg = Release|Any CPU
		{F0590853-9B19-42C1-A29D-59DDE2C56524}.Release|x86.Build.0 = Release|Any CPU
		{300FE09D-D94C-43BB-97F1-C30C557C9546}.Debug|Any CPU.ActiveCfg = Debug|Any CPU
		{300FE09D-D94C-43BB-97F1-C30C557C9546}.Debug|Any CPU.Build.0 = Debug|Any CPU
		{300FE09D-D94C-43BB-97F1-C30C557C9546}.Debug|Any CPU.Deploy.0 = Debug|Any CPU
		{300FE09D-D94C-43BB-97F1-C30C557C9546}.Debug|ARM.ActiveCfg = Debug|ARM
		{300FE09D-D94C-43BB-97F1-C30C557C9546}.Debug|ARM.Build.0 = Debug|ARM
		{300FE09D-D94C-43BB-97F1-C30C557C9546}.Debug|ARM.Deploy.0 = Debug|ARM
		{300FE09D-D94C-43BB-97F1-C30C557C9546}.Debug|ARM64.ActiveCfg = Debug|ARM64
		{300FE09D-D94C-43BB-97F1-C30C557C9546}.Debug|ARM64.Build.0 = Debug|ARM64
		{300FE09D-D94C-43BB-97F1-C30C557C9546}.Debug|ARM64.Deploy.0 = Debug|ARM64
		{300FE09D-D94C-43BB-97F1-C30C557C9546}.Debug|x64.ActiveCfg = Debug|x64
		{300FE09D-D94C-43BB-97F1-C30C557C9546}.Debug|x64.Build.0 = Debug|x64
		{300FE09D-D94C-43BB-97F1-C30C557C9546}.Debug|x64.Deploy.0 = Debug|x64
		{300FE09D-D94C-43BB-97F1-C30C557C9546}.Debug|x86.ActiveCfg = Debug|x86
		{300FE09D-D94C-43BB-97F1-C30C557C9546}.Debug|x86.Build.0 = Debug|x86
		{300FE09D-D94C-43BB-97F1-C30C557C9546}.Debug|x86.Deploy.0 = Debug|x86
		{300FE09D-D94C-43BB-97F1-C30C557C9546}.Release|Any CPU.ActiveCfg = Release|Any CPU
		{300FE09D-D94C-43BB-97F1-C30C557C9546}.Release|Any CPU.Build.0 = Release|Any CPU
		{300FE09D-D94C-43BB-97F1-C30C557C9546}.Release|Any CPU.Deploy.0 = Release|Any CPU
		{300FE09D-D94C-43BB-97F1-C30C557C9546}.Release|ARM.ActiveCfg = Release|ARM
		{300FE09D-D94C-43BB-97F1-C30C557C9546}.Release|ARM.Build.0 = Release|ARM
		{300FE09D-D94C-43BB-97F1-C30C557C9546}.Release|ARM.Deploy.0 = Release|ARM
		{300FE09D-D94C-43BB-97F1-C30C557C9546}.Release|ARM64.ActiveCfg = Release|ARM64
		{300FE09D-D94C-43BB-97F1-C30C557C9546}.Release|ARM64.Build.0 = Release|ARM64
		{300FE09D-D94C-43BB-97F1-C30C557C9546}.Release|ARM64.Deploy.0 = Release|ARM64
		{300FE09D-D94C-43BB-97F1-C30C557C9546}.Release|x64.ActiveCfg = Release|x64
		{300FE09D-D94C-43BB-97F1-C30C557C9546}.Release|x64.Build.0 = Release|x64
		{300FE09D-D94C-43BB-97F1-C30C557C9546}.Release|x64.Deploy.0 = Release|x64
		{300FE09D-D94C-43BB-97F1-C30C557C9546}.Release|x86.ActiveCfg = Release|x86
		{300FE09D-D94C-43BB-97F1-C30C557C9546}.Release|x86.Build.0 = Release|x86
		{300FE09D-D94C-43BB-97F1-C30C557C9546}.Release|x86.Deploy.0 = Release|x86
		{696CCC34-C29B-40A5-8C2A-4CC7D95C60AC}.Debug|Any CPU.ActiveCfg = Debug|Any CPU
		{696CCC34-C29B-40A5-8C2A-4CC7D95C60AC}.Debug|Any CPU.Build.0 = Debug|Any CPU
		{696CCC34-C29B-40A5-8C2A-4CC7D95C60AC}.Debug|ARM.ActiveCfg = Debug|Any CPU
		{696CCC34-C29B-40A5-8C2A-4CC7D95C60AC}.Debug|ARM.Build.0 = Debug|Any CPU
		{696CCC34-C29B-40A5-8C2A-4CC7D95C60AC}.Debug|ARM64.ActiveCfg = Debug|Any CPU
		{696CCC34-C29B-40A5-8C2A-4CC7D95C60AC}.Debug|ARM64.Build.0 = Debug|Any CPU
		{696CCC34-C29B-40A5-8C2A-4CC7D95C60AC}.Debug|x64.ActiveCfg = Debug|Any CPU
		{696CCC34-C29B-40A5-8C2A-4CC7D95C60AC}.Debug|x64.Build.0 = Debug|Any CPU
		{696CCC34-C29B-40A5-8C2A-4CC7D95C60AC}.Debug|x86.ActiveCfg = Debug|Any CPU
		{696CCC34-C29B-40A5-8C2A-4CC7D95C60AC}.Debug|x86.Build.0 = Debug|Any CPU
		{696CCC34-C29B-40A5-8C2A-4CC7D95C60AC}.Release|Any CPU.ActiveCfg = Release|Any CPU
		{696CCC34-C29B-40A5-8C2A-4CC7D95C60AC}.Release|Any CPU.Build.0 = Release|Any CPU
		{696CCC34-C29B-40A5-8C2A-4CC7D95C60AC}.Release|ARM.ActiveCfg = Release|Any CPU
		{696CCC34-C29B-40A5-8C2A-4CC7D95C60AC}.Release|ARM.Build.0 = Release|Any CPU
		{696CCC34-C29B-40A5-8C2A-4CC7D95C60AC}.Release|ARM64.ActiveCfg = Release|Any CPU
		{696CCC34-C29B-40A5-8C2A-4CC7D95C60AC}.Release|ARM64.Build.0 = Release|Any CPU
		{696CCC34-C29B-40A5-8C2A-4CC7D95C60AC}.Release|x64.ActiveCfg = Release|Any CPU
		{696CCC34-C29B-40A5-8C2A-4CC7D95C60AC}.Release|x64.Build.0 = Release|Any CPU
		{696CCC34-C29B-40A5-8C2A-4CC7D95C60AC}.Release|x86.ActiveCfg = Release|Any CPU
		{696CCC34-C29B-40A5-8C2A-4CC7D95C60AC}.Release|x86.Build.0 = Release|Any CPU
		{A4081377-A157-4EE8-9B53-F90C9928ACC8}.Debug|Any CPU.ActiveCfg = Debug|Any CPU
		{A4081377-A157-4EE8-9B53-F90C9928ACC8}.Debug|Any CPU.Build.0 = Debug|Any CPU
		{A4081377-A157-4EE8-9B53-F90C9928ACC8}.Debug|ARM.ActiveCfg = Debug|Any CPU
		{A4081377-A157-4EE8-9B53-F90C9928ACC8}.Debug|ARM.Build.0 = Debug|Any CPU
		{A4081377-A157-4EE8-9B53-F90C9928ACC8}.Debug|ARM64.ActiveCfg = Debug|Any CPU
		{A4081377-A157-4EE8-9B53-F90C9928ACC8}.Debug|ARM64.Build.0 = Debug|Any CPU
		{A4081377-A157-4EE8-9B53-F90C9928ACC8}.Debug|x64.ActiveCfg = Debug|Any CPU
		{A4081377-A157-4EE8-9B53-F90C9928ACC8}.Debug|x64.Build.0 = Debug|Any CPU
		{A4081377-A157-4EE8-9B53-F90C9928ACC8}.Debug|x86.ActiveCfg = Debug|Any CPU
		{A4081377-A157-4EE8-9B53-F90C9928ACC8}.Debug|x86.Build.0 = Debug|Any CPU
		{A4081377-A157-4EE8-9B53-F90C9928ACC8}.Release|Any CPU.ActiveCfg = Release|Any CPU
		{A4081377-A157-4EE8-9B53-F90C9928ACC8}.Release|Any CPU.Build.0 = Release|Any CPU
		{A4081377-A157-4EE8-9B53-F90C9928ACC8}.Release|ARM.ActiveCfg = Release|Any CPU
		{A4081377-A157-4EE8-9B53-F90C9928ACC8}.Release|ARM.Build.0 = Release|Any CPU
		{A4081377-A157-4EE8-9B53-F90C9928ACC8}.Release|ARM64.ActiveCfg = Release|Any CPU
		{A4081377-A157-4EE8-9B53-F90C9928ACC8}.Release|ARM64.Build.0 = Release|Any CPU
		{A4081377-A157-4EE8-9B53-F90C9928ACC8}.Release|x64.ActiveCfg = Release|Any CPU
		{A4081377-A157-4EE8-9B53-F90C9928ACC8}.Release|x64.Build.0 = Release|Any CPU
		{A4081377-A157-4EE8-9B53-F90C9928ACC8}.Release|x86.ActiveCfg = Release|Any CPU
		{A4081377-A157-4EE8-9B53-F90C9928ACC8}.Release|x86.Build.0 = Release|Any CPU
		{3685CEEB-D71C-4999-9A5B-2A374699F87D}.Debug|Any CPU.ActiveCfg = Debug|Any CPU
		{3685CEEB-D71C-4999-9A5B-2A374699F87D}.Debug|Any CPU.Build.0 = Debug|Any CPU
		{3685CEEB-D71C-4999-9A5B-2A374699F87D}.Debug|ARM.ActiveCfg = Debug|Any CPU
		{3685CEEB-D71C-4999-9A5B-2A374699F87D}.Debug|ARM.Build.0 = Debug|Any CPU
		{3685CEEB-D71C-4999-9A5B-2A374699F87D}.Debug|ARM64.ActiveCfg = Debug|Any CPU
		{3685CEEB-D71C-4999-9A5B-2A374699F87D}.Debug|ARM64.Build.0 = Debug|Any CPU
		{3685CEEB-D71C-4999-9A5B-2A374699F87D}.Debug|x64.ActiveCfg = Debug|Any CPU
		{3685CEEB-D71C-4999-9A5B-2A374699F87D}.Debug|x64.Build.0 = Debug|Any CPU
		{3685CEEB-D71C-4999-9A5B-2A374699F87D}.Debug|x86.ActiveCfg = Debug|Any CPU
		{3685CEEB-D71C-4999-9A5B-2A374699F87D}.Debug|x86.Build.0 = Debug|Any CPU
		{3685CEEB-D71C-4999-9A5B-2A374699F87D}.Release|Any CPU.ActiveCfg = Release|Any CPU
		{3685CEEB-D71C-4999-9A5B-2A374699F87D}.Release|Any CPU.Build.0 = Release|Any CPU
		{3685CEEB-D71C-4999-9A5B-2A374699F87D}.Release|ARM.ActiveCfg = Release|Any CPU
		{3685CEEB-D71C-4999-9A5B-2A374699F87D}.Release|ARM.Build.0 = Release|Any CPU
		{3685CEEB-D71C-4999-9A5B-2A374699F87D}.Release|ARM64.ActiveCfg = Release|Any CPU
		{3685CEEB-D71C-4999-9A5B-2A374699F87D}.Release|ARM64.Build.0 = Release|Any CPU
		{3685CEEB-D71C-4999-9A5B-2A374699F87D}.Release|x64.ActiveCfg = Release|Any CPU
		{3685CEEB-D71C-4999-9A5B-2A374699F87D}.Release|x64.Build.0 = Release|Any CPU
		{3685CEEB-D71C-4999-9A5B-2A374699F87D}.Release|x86.ActiveCfg = Release|Any CPU
		{3685CEEB-D71C-4999-9A5B-2A374699F87D}.Release|x86.Build.0 = Release|Any CPU
		{4ADAAAB6-3CC2-43F2-B244-5A5592D2584B}.Debug|Any CPU.ActiveCfg = Debug|Any CPU
		{4ADAAAB6-3CC2-43F2-B244-5A5592D2584B}.Debug|Any CPU.Build.0 = Debug|Any CPU
		{4ADAAAB6-3CC2-43F2-B244-5A5592D2584B}.Debug|ARM.ActiveCfg = Debug|Any CPU
		{4ADAAAB6-3CC2-43F2-B244-5A5592D2584B}.Debug|ARM.Build.0 = Debug|Any CPU
		{4ADAAAB6-3CC2-43F2-B244-5A5592D2584B}.Debug|ARM64.ActiveCfg = Debug|Any CPU
		{4ADAAAB6-3CC2-43F2-B244-5A5592D2584B}.Debug|ARM64.Build.0 = Debug|Any CPU
		{4ADAAAB6-3CC2-43F2-B244-5A5592D2584B}.Debug|x64.ActiveCfg = Debug|Any CPU
		{4ADAAAB6-3CC2-43F2-B244-5A5592D2584B}.Debug|x64.Build.0 = Debug|Any CPU
		{4ADAAAB6-3CC2-43F2-B244-5A5592D2584B}.Debug|x86.ActiveCfg = Debug|Any CPU
		{4ADAAAB6-3CC2-43F2-B244-5A5592D2584B}.Debug|x86.Build.0 = Debug|Any CPU
		{4ADAAAB6-3CC2-43F2-B244-5A5592D2584B}.Release|Any CPU.ActiveCfg = Release|Any CPU
		{4ADAAAB6-3CC2-43F2-B244-5A5592D2584B}.Release|Any CPU.Build.0 = Release|Any CPU
		{4ADAAAB6-3CC2-43F2-B244-5A5592D2584B}.Release|ARM.ActiveCfg = Release|Any CPU
		{4ADAAAB6-3CC2-43F2-B244-5A5592D2584B}.Release|ARM.Build.0 = Release|Any CPU
		{4ADAAAB6-3CC2-43F2-B244-5A5592D2584B}.Release|ARM64.ActiveCfg = Release|Any CPU
		{4ADAAAB6-3CC2-43F2-B244-5A5592D2584B}.Release|ARM64.Build.0 = Release|Any CPU
		{4ADAAAB6-3CC2-43F2-B244-5A5592D2584B}.Release|x64.ActiveCfg = Release|Any CPU
		{4ADAAAB6-3CC2-43F2-B244-5A5592D2584B}.Release|x64.Build.0 = Release|Any CPU
		{4ADAAAB6-3CC2-43F2-B244-5A5592D2584B}.Release|x86.ActiveCfg = Release|Any CPU
		{4ADAAAB6-3CC2-43F2-B244-5A5592D2584B}.Release|x86.Build.0 = Release|Any CPU
		{FEC5B61A-9894-4F3D-9AF0-0DBBDB425EE7}.Debug|Any CPU.ActiveCfg = Debug|Any CPU
		{FEC5B61A-9894-4F3D-9AF0-0DBBDB425EE7}.Debug|Any CPU.Build.0 = Debug|Any CPU
		{FEC5B61A-9894-4F3D-9AF0-0DBBDB425EE7}.Debug|ARM.ActiveCfg = Debug|Any CPU
		{FEC5B61A-9894-4F3D-9AF0-0DBBDB425EE7}.Debug|ARM.Build.0 = Debug|Any CPU
		{FEC5B61A-9894-4F3D-9AF0-0DBBDB425EE7}.Debug|ARM64.ActiveCfg = Debug|Any CPU
		{FEC5B61A-9894-4F3D-9AF0-0DBBDB425EE7}.Debug|ARM64.Build.0 = Debug|Any CPU
		{FEC5B61A-9894-4F3D-9AF0-0DBBDB425EE7}.Debug|x64.ActiveCfg = Debug|Any CPU
		{FEC5B61A-9894-4F3D-9AF0-0DBBDB425EE7}.Debug|x64.Build.0 = Debug|Any CPU
		{FEC5B61A-9894-4F3D-9AF0-0DBBDB425EE7}.Debug|x86.ActiveCfg = Debug|Any CPU
		{FEC5B61A-9894-4F3D-9AF0-0DBBDB425EE7}.Debug|x86.Build.0 = Debug|Any CPU
		{FEC5B61A-9894-4F3D-9AF0-0DBBDB425EE7}.Release|Any CPU.ActiveCfg = Release|Any CPU
		{FEC5B61A-9894-4F3D-9AF0-0DBBDB425EE7}.Release|Any CPU.Build.0 = Release|Any CPU
		{FEC5B61A-9894-4F3D-9AF0-0DBBDB425EE7}.Release|ARM.ActiveCfg = Release|Any CPU
		{FEC5B61A-9894-4F3D-9AF0-0DBBDB425EE7}.Release|ARM.Build.0 = Release|Any CPU
		{FEC5B61A-9894-4F3D-9AF0-0DBBDB425EE7}.Release|ARM64.ActiveCfg = Release|Any CPU
		{FEC5B61A-9894-4F3D-9AF0-0DBBDB425EE7}.Release|ARM64.Build.0 = Release|Any CPU
		{FEC5B61A-9894-4F3D-9AF0-0DBBDB425EE7}.Release|x64.ActiveCfg = Release|Any CPU
		{FEC5B61A-9894-4F3D-9AF0-0DBBDB425EE7}.Release|x64.Build.0 = Release|Any CPU
		{FEC5B61A-9894-4F3D-9AF0-0DBBDB425EE7}.Release|x86.ActiveCfg = Release|Any CPU
		{FEC5B61A-9894-4F3D-9AF0-0DBBDB425EE7}.Release|x86.Build.0 = Release|Any CPU
		{5B92D5E5-A0CC-4AAA-92F0-55753D9940D2}.Debug|Any CPU.ActiveCfg = Debug|Any CPU
		{5B92D5E5-A0CC-4AAA-92F0-55753D9940D2}.Debug|Any CPU.Build.0 = Debug|Any CPU
		{5B92D5E5-A0CC-4AAA-92F0-55753D9940D2}.Debug|ARM.ActiveCfg = Debug|Any CPU
		{5B92D5E5-A0CC-4AAA-92F0-55753D9940D2}.Debug|ARM.Build.0 = Debug|Any CPU
		{5B92D5E5-A0CC-4AAA-92F0-55753D9940D2}.Debug|ARM64.ActiveCfg = Debug|Any CPU
		{5B92D5E5-A0CC-4AAA-92F0-55753D9940D2}.Debug|ARM64.Build.0 = Debug|Any CPU
		{5B92D5E5-A0CC-4AAA-92F0-55753D9940D2}.Debug|x64.ActiveCfg = Debug|Any CPU
		{5B92D5E5-A0CC-4AAA-92F0-55753D9940D2}.Debug|x64.Build.0 = Debug|Any CPU
		{5B92D5E5-A0CC-4AAA-92F0-55753D9940D2}.Debug|x86.ActiveCfg = Debug|Any CPU
		{5B92D5E5-A0CC-4AAA-92F0-55753D9940D2}.Debug|x86.Build.0 = Debug|Any CPU
		{5B92D5E5-A0CC-4AAA-92F0-55753D9940D2}.Release|Any CPU.ActiveCfg = Release|Any CPU
		{5B92D5E5-A0CC-4AAA-92F0-55753D9940D2}.Release|Any CPU.Build.0 = Release|Any CPU
		{5B92D5E5-A0CC-4AAA-92F0-55753D9940D2}.Release|ARM.ActiveCfg = Release|Any CPU
		{5B92D5E5-A0CC-4AAA-92F0-55753D9940D2}.Release|ARM.Build.0 = Release|Any CPU
		{5B92D5E5-A0CC-4AAA-92F0-55753D9940D2}.Release|ARM64.ActiveCfg = Release|Any CPU
		{5B92D5E5-A0CC-4AAA-92F0-55753D9940D2}.Release|ARM64.Build.0 = Release|Any CPU
		{5B92D5E5-A0CC-4AAA-92F0-55753D9940D2}.Release|x64.ActiveCfg = Release|Any CPU
		{5B92D5E5-A0CC-4AAA-92F0-55753D9940D2}.Release|x64.Build.0 = Release|Any CPU
		{5B92D5E5-A0CC-4AAA-92F0-55753D9940D2}.Release|x86.ActiveCfg = Release|Any CPU
		{5B92D5E5-A0CC-4AAA-92F0-55753D9940D2}.Release|x86.Build.0 = Release|Any CPU
	EndGlobalSection
	GlobalSection(SolutionProperties) = preSolution
		HideSolutionNode = FALSE
	EndGlobalSection
	GlobalSection(NestedProjects) = preSolution
		{300FE09D-D94C-43BB-97F1-C30C557C9546} = {9A257EE2-4364-4871-8D9C-4A32374770CE}
		{696CCC34-C29B-40A5-8C2A-4CC7D95C60AC} = {931BE277-B451-4916-A9D8-082361207B4C}
		{A4081377-A157-4EE8-9B53-F90C9928ACC8} = {931BE277-B451-4916-A9D8-082361207B4C}
		{3685CEEB-D71C-4999-9A5B-2A374699F87D} = {931BE277-B451-4916-A9D8-082361207B4C}
		{4ADAAAB6-3CC2-43F2-B244-5A5592D2584B} = {931BE277-B451-4916-A9D8-082361207B4C}
		{FEC5B61A-9894-4F3D-9AF0-0DBBDB425EE7} = {931BE277-B451-4916-A9D8-082361207B4C}
		{5B92D5E5-A0CC-4AAA-92F0-55753D9940D2} = {3C408999-1877-4397-A15E-2C5EA77E1C13}
	EndGlobalSection
	GlobalSection(ExtensibilityGlobals) = postSolution
		SolutionGuid = {94EDDA9C-8525-4AF9-9E00-A8B97449AC77}
	EndGlobalSection
EndGlobal
