
Microsoft Visual Studio Solution File, Format Version 12.00
# Visual Studio Version 17
VisualStudioVersion = 17.0.31903.59
MinimumVisualStudioVersion = 10.0.40219.1
Project("{9A19103F-16F7-4668-BE54-9A1E7A4F7556}") = "RichillCapital.TraderStudio.Desktop", "src\RichillCapital.TraderStudio.Desktop\RichillCapital.TraderStudio.Desktop.csproj", "{F763E51F-82C4-4829-BBCF-736C49FF17F4}"
EndProject
Project("{2150E333-8FDC-42A3-9474-1A3956D46DE8}") = "src", "src", "{7B914D43-C2F6-4C1F-BC5D-CBDEBAFD4EAE}"
EndProject
Project("{2150E333-8FDC-42A3-9474-1A3956D46DE8}") = "tests", "tests", "{952CEA83-E82B-4AF7-BDAA-48460FD47194}"
EndProject
Project("{9A19103F-16F7-4668-BE54-9A1E7A4F7556}") = "RichillCapital.TraderStudio.Desktop.UnitTests", "tests\RichillCapital.TraderStudio.Desktop.UnitTests\RichillCapital.TraderStudio.Desktop.UnitTests.csproj", "{88B6D6A4-3E5A-4425-AE17-D58D72502E7D}"
EndProject
Project("{9A19103F-16F7-4668-BE54-9A1E7A4F7556}") = "RichillCapital.TraderStudio.Infrastructure", "src\RichillCapital.TraderStudio.Infrastructure\RichillCapital.TraderStudio.Infrastructure.csproj", "{C91A8D07-341F-40E2-9A3B-5DE7102E7F49}"
EndProject
Project("{9A19103F-16F7-4668-BE54-9A1E7A4F7556}") = "RichillCapital.TraderStudio.UseCases", "src\RichillCapital.TraderStudio.UseCases\RichillCapital.TraderStudio.UseCases.csproj", "{3C4A4906-BB49-4709-8BBE-8C858020F873}"
EndProject
Project("{9A19103F-16F7-4668-BE54-9A1E7A4F7556}") = "RichillCapital.TraderStudio.Domain", "src\RichillCapital.TraderStudio.Domain\RichillCapital.TraderStudio.Domain.csproj", "{D59D10CF-702D-47C9-ABB5-1DAB106BFC6F}"
EndProject
Project("{2150E333-8FDC-42A3-9474-1A3956D46DE8}") = "packaging", "packaging", "{597E46E8-0117-41B4-AB73-803290EC566A}"
EndProject
Project("{C7167F0D-BC9F-4E6E-AFE1-012C56B48DB5}") = "RichillCapital.TraderStudio.Desktop.Packaging", "packaging\RichillCapital.TraderStudio.Desktop.Packaging\RichillCapital.TraderStudio.Desktop.Packaging.wapproj", "{7609B36C-1259-4703-8FFC-3129A4D78787}"
EndProject
Global
	GlobalSection(SolutionConfigurationPlatforms) = preSolution
		Debug|Any CPU = Debug|Any CPU
		Debug|ARM = Debug|ARM
		Debug|ARM64 = Debug|ARM64
		Debug|x64 = Debug|x64
		Debug|x86 = Debug|x86
		Release|Any CPU = Release|Any CPU
		Release|ARM = Release|ARM
		Release|ARM64 = Release|ARM64
		Release|x64 = Release|x64
		Release|x86 = Release|x86
	EndGlobalSection
	GlobalSection(ProjectConfigurationPlatforms) = postSolution
		{F763E51F-82C4-4829-BBCF-736C49FF17F4}.Debug|Any CPU.ActiveCfg = Debug|Any CPU
		{F763E51F-82C4-4829-BBCF-736C49FF17F4}.Debug|Any CPU.Build.0 = Debug|Any CPU
		{F763E51F-82C4-4829-BBCF-736C49FF17F4}.Debug|ARM.ActiveCfg = Debug|Any CPU
		{F763E51F-82C4-4829-BBCF-736C49FF17F4}.Debug|ARM.Build.0 = Debug|Any CPU
		{F763E51F-82C4-4829-BBCF-736C49FF17F4}.Debug|ARM64.ActiveCfg = Debug|Any CPU
		{F763E51F-82C4-4829-BBCF-736C49FF17F4}.Debug|ARM64.Build.0 = Debug|Any CPU
		{F763E51F-82C4-4829-BBCF-736C49FF17F4}.Debug|x64.ActiveCfg = Debug|Any CPU
		{F763E51F-82C4-4829-BBCF-736C49FF17F4}.Debug|x64.Build.0 = Debug|Any CPU
		{F763E51F-82C4-4829-BBCF-736C49FF17F4}.Debug|x86.ActiveCfg = Debug|Any CPU
		{F763E51F-82C4-4829-BBCF-736C49FF17F4}.Debug|x86.Build.0 = Debug|Any CPU
		{F763E51F-82C4-4829-BBCF-736C49FF17F4}.Release|Any CPU.ActiveCfg = Release|Any CPU
		{F763E51F-82C4-4829-BBCF-736C49FF17F4}.Release|Any CPU.Build.0 = Release|Any CPU
		{F763E51F-82C4-4829-BBCF-736C49FF17F4}.Release|ARM.ActiveCfg = Release|Any CPU
		{F763E51F-82C4-4829-BBCF-736C49FF17F4}.Release|ARM.Build.0 = Release|Any CPU
		{F763E51F-82C4-4829-BBCF-736C49FF17F4}.Release|ARM64.ActiveCfg = Release|Any CPU
		{F763E51F-82C4-4829-BBCF-736C49FF17F4}.Release|ARM64.Build.0 = Release|Any CPU
		{F763E51F-82C4-4829-BBCF-736C49FF17F4}.Release|x64.ActiveCfg = Release|Any CPU
		{F763E51F-82C4-4829-BBCF-736C49FF17F4}.Release|x64.Build.0 = Release|Any CPU
		{F763E51F-82C4-4829-BBCF-736C49FF17F4}.Release|x86.ActiveCfg = Release|Any CPU
		{F763E51F-82C4-4829-BBCF-736C49FF17F4}.Release|x86.Build.0 = Release|Any CPU
		{88B6D6A4-3E5A-4425-AE17-D58D72502E7D}.Debug|Any CPU.ActiveCfg = Debug|Any CPU
		{88B6D6A4-3E5A-4425-AE17-D58D72502E7D}.Debug|Any CPU.Build.0 = Debug|Any CPU
		{88B6D6A4-3E5A-4425-AE17-D58D72502E7D}.Debug|ARM.ActiveCfg = Debug|Any CPU
		{88B6D6A4-3E5A-4425-AE17-D58D72502E7D}.Debug|ARM.Build.0 = Debug|Any CPU
		{88B6D6A4-3E5A-4425-AE17-D58D72502E7D}.Debug|ARM64.ActiveCfg = Debug|Any CPU
		{88B6D6A4-3E5A-4425-AE17-D58D72502E7D}.Debug|ARM64.Build.0 = Debug|Any CPU
		{88B6D6A4-3E5A-4425-AE17-D58D72502E7D}.Debug|x64.ActiveCfg = Debug|Any CPU
		{88B6D6A4-3E5A-4425-AE17-D58D72502E7D}.Debug|x64.Build.0 = Debug|Any CPU
		{88B6D6A4-3E5A-4425-AE17-D58D72502E7D}.Debug|x86.ActiveCfg = Debug|Any CPU
		{88B6D6A4-3E5A-4425-AE17-D58D72502E7D}.Debug|x86.Build.0 = Debug|Any CPU
		{88B6D6A4-3E5A-4425-AE17-D58D72502E7D}.Release|Any CPU.ActiveCfg = Release|Any CPU
		{88B6D6A4-3E5A-4425-AE17-D58D72502E7D}.Release|Any CPU.Build.0 = Release|Any CPU
		{88B6D6A4-3E5A-4425-AE17-D58D72502E7D}.Release|ARM.ActiveCfg = Release|Any CPU
		{88B6D6A4-3E5A-4425-AE17-D58D72502E7D}.Release|ARM.Build.0 = Release|Any CPU
		{88B6D6A4-3E5A-4425-AE17-D58D72502E7D}.Release|ARM64.ActiveCfg = Release|Any CPU
		{88B6D6A4-3E5A-4425-AE17-D58D72502E7D}.Release|ARM64.Build.0 = Release|Any CPU
		{88B6D6A4-3E5A-4425-AE17-D58D72502E7D}.Release|x64.ActiveCfg = Release|Any CPU
		{88B6D6A4-3E5A-4425-AE17-D58D72502E7D}.Release|x64.Build.0 = Release|Any CPU
		{88B6D6A4-3E5A-4425-AE17-D58D72502E7D}.Release|x86.ActiveCfg = Release|Any CPU
		{88B6D6A4-3E5A-4425-AE17-D58D72502E7D}.Release|x86.Build.0 = Release|Any CPU
		{C91A8D07-341F-40E2-9A3B-5DE7102E7F49}.Debug|Any CPU.ActiveCfg = Debug|Any CPU
		{C91A8D07-341F-40E2-9A3B-5DE7102E7F49}.Debug|Any CPU.Build.0 = Debug|Any CPU
		{C91A8D07-341F-40E2-9A3B-5DE7102E7F49}.Debug|ARM.ActiveCfg = Debug|Any CPU
		{C91A8D07-341F-40E2-9A3B-5DE7102E7F49}.Debug|ARM.Build.0 = Debug|Any CPU
		{C91A8D07-341F-40E2-9A3B-5DE7102E7F49}.Debug|ARM64.ActiveCfg = Debug|Any CPU
		{C91A8D07-341F-40E2-9A3B-5DE7102E7F49}.Debug|ARM64.Build.0 = Debug|Any CPU
		{C91A8D07-341F-40E2-9A3B-5DE7102E7F49}.Debug|x64.ActiveCfg = Debug|Any CPU
		{C91A8D07-341F-40E2-9A3B-5DE7102E7F49}.Debug|x64.Build.0 = Debug|Any CPU
		{C91A8D07-341F-40E2-9A3B-5DE7102E7F49}.Debug|x86.ActiveCfg = Debug|Any CPU
		{C91A8D07-341F-40E2-9A3B-5DE7102E7F49}.Debug|x86.Build.0 = Debug|Any CPU
		{C91A8D07-341F-40E2-9A3B-5DE7102E7F49}.Release|Any CPU.ActiveCfg = Release|Any CPU
		{C91A8D07-341F-40E2-9A3B-5DE7102E7F49}.Release|Any CPU.Build.0 = Release|Any CPU
		{C91A8D07-341F-40E2-9A3B-5DE7102E7F49}.Release|ARM.ActiveCfg = Release|Any CPU
		{C91A8D07-341F-40E2-9A3B-5DE7102E7F49}.Release|ARM.Build.0 = Release|Any CPU
		{C91A8D07-341F-40E2-9A3B-5DE7102E7F49}.Release|ARM64.ActiveCfg = Release|Any CPU
		{C91A8D07-341F-40E2-9A3B-5DE7102E7F49}.Release|ARM64.Build.0 = Release|Any CPU
		{C91A8D07-341F-40E2-9A3B-5DE7102E7F49}.Release|x64.ActiveCfg = Release|Any CPU
		{C91A8D07-341F-40E2-9A3B-5DE7102E7F49}.Release|x64.Build.0 = Release|Any CPU
		{C91A8D07-341F-40E2-9A3B-5DE7102E7F49}.Release|x86.ActiveCfg = Release|Any CPU
		{C91A8D07-341F-40E2-9A3B-5DE7102E7F49}.Release|x86.Build.0 = Release|Any CPU
		{3C4A4906-BB49-4709-8BBE-8C858020F873}.Debug|Any CPU.ActiveCfg = Debug|Any CPU
		{3C4A4906-BB49-4709-8BBE-8C858020F873}.Debug|Any CPU.Build.0 = Debug|Any CPU
		{3C4A4906-BB49-4709-8BBE-8C858020F873}.Debug|ARM.ActiveCfg = Debug|Any CPU
		{3C4A4906-BB49-4709-8BBE-8C858020F873}.Debug|ARM.Build.0 = Debug|Any CPU
		{3C4A4906-BB49-4709-8BBE-8C858020F873}.Debug|ARM64.ActiveCfg = Debug|Any CPU
		{3C4A4906-BB49-4709-8BBE-8C858020F873}.Debug|ARM64.Build.0 = Debug|Any CPU
		{3C4A4906-BB49-4709-8BBE-8C858020F873}.Debug|x64.ActiveCfg = Debug|Any CPU
		{3C4A4906-BB49-4709-8BBE-8C858020F873}.Debug|x64.Build.0 = Debug|Any CPU
		{3C4A4906-BB49-4709-8BBE-8C858020F873}.Debug|x86.ActiveCfg = Debug|Any CPU
		{3C4A4906-BB49-4709-8BBE-8C858020F873}.Debug|x86.Build.0 = Debug|Any CPU
		{3C4A4906-BB49-4709-8BBE-8C858020F873}.Release|Any CPU.ActiveCfg = Release|Any CPU
		{3C4A4906-BB49-4709-8BBE-8C858020F873}.Release|Any CPU.Build.0 = Release|Any CPU
		{3C4A4906-BB49-4709-8BBE-8C858020F873}.Release|ARM.ActiveCfg = Release|Any CPU
		{3C4A4906-BB49-4709-8BBE-8C858020F873}.Release|ARM.Build.0 = Release|Any CPU
		{3C4A4906-BB49-4709-8BBE-8C858020F873}.Release|ARM64.ActiveCfg = Release|Any CPU
		{3C4A4906-BB49-4709-8BBE-8C858020F873}.Release|ARM64.Build.0 = Release|Any CPU
		{3C4A4906-BB49-4709-8BBE-8C858020F873}.Release|x64.ActiveCfg = Release|Any CPU
		{3C4A4906-BB49-4709-8BBE-8C858020F873}.Release|x64.Build.0 = Release|Any CPU
		{3C4A4906-BB49-4709-8BBE-8C858020F873}.Release|x86.ActiveCfg = Release|Any CPU
		{3C4A4906-BB49-4709-8BBE-8C858020F873}.Release|x86.Build.0 = Release|Any CPU
		{D59D10CF-702D-47C9-ABB5-1DAB106BFC6F}.Debug|Any CPU.ActiveCfg = Debug|Any CPU
		{D59D10CF-702D-47C9-ABB5-1DAB106BFC6F}.Debug|Any CPU.Build.0 = Debug|Any CPU
		{D59D10CF-702D-47C9-ABB5-1DAB106BFC6F}.Debug|ARM.ActiveCfg = Debug|Any CPU
		{D59D10CF-702D-47C9-ABB5-1DAB106BFC6F}.Debug|ARM.Build.0 = Debug|Any CPU
		{D59D10CF-702D-47C9-ABB5-1DAB106BFC6F}.Debug|ARM64.ActiveCfg = Debug|Any CPU
		{D59D10CF-702D-47C9-ABB5-1DAB106BFC6F}.Debug|ARM64.Build.0 = Debug|Any CPU
		{D59D10CF-702D-47C9-ABB5-1DAB106BFC6F}.Debug|x64.ActiveCfg = Debug|Any CPU
		{D59D10CF-702D-47C9-ABB5-1DAB106BFC6F}.Debug|x64.Build.0 = Debug|Any CPU
		{D59D10CF-702D-47C9-ABB5-1DAB106BFC6F}.Debug|x86.ActiveCfg = Debug|Any CPU
		{D59D10CF-702D-47C9-ABB5-1DAB106BFC6F}.Debug|x86.Build.0 = Debug|Any CPU
		{D59D10CF-702D-47C9-ABB5-1DAB106BFC6F}.Release|Any CPU.ActiveCfg = Release|Any CPU
		{D59D10CF-702D-47C9-ABB5-1DAB106BFC6F}.Release|Any CPU.Build.0 = Release|Any CPU
		{D59D10CF-702D-47C9-ABB5-1DAB106BFC6F}.Release|ARM.ActiveCfg = Release|Any CPU
		{D59D10CF-702D-47C9-ABB5-1DAB106BFC6F}.Release|ARM.Build.0 = Release|Any CPU
		{D59D10CF-702D-47C9-ABB5-1DAB106BFC6F}.Release|ARM64.ActiveCfg = Release|Any CPU
		{D59D10CF-702D-47C9-ABB5-1DAB106BFC6F}.Release|ARM64.Build.0 = Release|Any CPU
		{D59D10CF-702D-47C9-ABB5-1DAB106BFC6F}.Release|x64.ActiveCfg = Release|Any CPU
		{D59D10CF-702D-47C9-ABB5-1DAB106BFC6F}.Release|x64.Build.0 = Release|Any CPU
		{D59D10CF-702D-47C9-ABB5-1DAB106BFC6F}.Release|x86.ActiveCfg = Release|Any CPU
		{D59D10CF-702D-47C9-ABB5-1DAB106BFC6F}.Release|x86.Build.0 = Release|Any CPU
		{7609B36C-1259-4703-8FFC-3129A4D78787}.Debug|Any CPU.ActiveCfg = Debug|Any CPU
		{7609B36C-1259-4703-8FFC-3129A4D78787}.Debug|Any CPU.Build.0 = Debug|Any CPU
		{7609B36C-1259-4703-8FFC-3129A4D78787}.Debug|Any CPU.Deploy.0 = Debug|Any CPU
		{7609B36C-1259-4703-8FFC-3129A4D78787}.Debug|ARM.ActiveCfg = Debug|ARM
		{7609B36C-1259-4703-8FFC-3129A4D78787}.Debug|ARM.Build.0 = Debug|ARM
		{7609B36C-1259-4703-8FFC-3129A4D78787}.Debug|ARM.Deploy.0 = Debug|ARM
		{7609B36C-1259-4703-8FFC-3129A4D78787}.Debug|ARM64.ActiveCfg = Debug|ARM64
		{7609B36C-1259-4703-8FFC-3129A4D78787}.Debug|ARM64.Build.0 = Debug|ARM64
		{7609B36C-1259-4703-8FFC-3129A4D78787}.Debug|ARM64.Deploy.0 = Debug|ARM64
		{7609B36C-1259-4703-8FFC-3129A4D78787}.Debug|x64.ActiveCfg = Debug|x64
		{7609B36C-1259-4703-8FFC-3129A4D78787}.Debug|x64.Build.0 = Debug|x64
		{7609B36C-1259-4703-8FFC-3129A4D78787}.Debug|x64.Deploy.0 = Debug|x64
		{7609B36C-1259-4703-8FFC-3129A4D78787}.Debug|x86.ActiveCfg = Debug|x86
		{7609B36C-1259-4703-8FFC-3129A4D78787}.Debug|x86.Build.0 = Debug|x86
		{7609B36C-1259-4703-8FFC-3129A4D78787}.Debug|x86.Deploy.0 = Debug|x86
		{7609B36C-1259-4703-8FFC-3129A4D78787}.Release|Any CPU.ActiveCfg = Release|Any CPU
		{7609B36C-1259-4703-8FFC-3129A4D78787}.Release|Any CPU.Build.0 = Release|Any CPU
		{7609B36C-1259-4703-8FFC-3129A4D78787}.Release|Any CPU.Deploy.0 = Release|Any CPU
		{7609B36C-1259-4703-8FFC-3129A4D78787}.Release|ARM.ActiveCfg = Release|ARM
		{7609B36C-1259-4703-8FFC-3129A4D78787}.Release|ARM.Build.0 = Release|ARM
		{7609B36C-1259-4703-8FFC-3129A4D78787}.Release|ARM.Deploy.0 = Release|ARM
		{7609B36C-1259-4703-8FFC-3129A4D78787}.Release|ARM64.ActiveCfg = Release|ARM64
		{7609B36C-1259-4703-8FFC-3129A4D78787}.Release|ARM64.Build.0 = Release|ARM64
		{7609B36C-1259-4703-8FFC-3129A4D78787}.Release|ARM64.Deploy.0 = Release|ARM64
		{7609B36C-1259-4703-8FFC-3129A4D78787}.Release|x64.ActiveCfg = Release|x64
		{7609B36C-1259-4703-8FFC-3129A4D78787}.Release|x64.Build.0 = Release|x64
		{7609B36C-1259-4703-8FFC-3129A4D78787}.Release|x64.Deploy.0 = Release|x64
		{7609B36C-1259-4703-8FFC-3129A4D78787}.Release|x86.ActiveCfg = Release|x86
		{7609B36C-1259-4703-8FFC-3129A4D78787}.Release|x86.Build.0 = Release|x86
		{7609B36C-1259-4703-8FFC-3129A4D78787}.Release|x86.Deploy.0 = Release|x86
	EndGlobalSection
	GlobalSection(SolutionProperties) = preSolution
		HideSolutionNode = FALSE
	EndGlobalSection
	GlobalSection(NestedProjects) = preSolution
		{F763E51F-82C4-4829-BBCF-736C49FF17F4} = {7B914D43-C2F6-4C1F-BC5D-CBDEBAFD4EAE}
		{88B6D6A4-3E5A-4425-AE17-D58D72502E7D} = {952CEA83-E82B-4AF7-BDAA-48460FD47194}
		{C91A8D07-341F-40E2-9A3B-5DE7102E7F49} = {7B914D43-C2F6-4C1F-BC5D-CBDEBAFD4EAE}
		{3C4A4906-BB49-4709-8BBE-8C858020F873} = {7B914D43-C2F6-4C1F-BC5D-CBDEBAFD4EAE}
		{D59D10CF-702D-47C9-ABB5-1DAB106BFC6F} = {7B914D43-C2F6-4C1F-BC5D-CBDEBAFD4EAE}
		{7609B36C-1259-4703-8FFC-3129A4D78787} = {597E46E8-0117-41B4-AB73-803290EC566A}
	EndGlobalSection
	GlobalSection(ExtensibilityGlobals) = postSolution
		SolutionGuid = {778EFB86-35F4-4C51-B310-FDEF68602A3C}
	EndGlobalSection
EndGlobal
